
Microsoft Visual Studio Solution File, Format Version 12.00
# Visual Studio Version 16
VisualStudioVersion = 16.0.31402.337
MinimumVisualStudioVersion = 10.0.40219.1
Project("{9A19103F-16F7-4668-BE54-9A1E7A4F7556}") = "NewLibrary", "NewLibrary.csproj", "{4D96900A-1267-4AE2-ADAA-DB916BDF8F48}"
EndProject
Project("{FAE04EC0-301F-11D3-BF4B-00C04F79EFBC}") = "NewLibraryUnitTest", "..\NewLibraryUnitTest\NewLibraryUnitTest.csproj", "{EB5156D6-6DA2-43E7-BD8B-85FDC70BF87C}"
EndProject
Global
	GlobalSection(SolutionConfigurationPlatforms) = preSolution
		Debug|Any CPU = Debug|Any CPU
		Release|Any CPU = Release|Any CPU
	EndGlobalSection
	GlobalSection(ProjectConfigurationPlatforms) = postSolution
		{4D96900A-1267-4AE2-ADAA-DB916BDF8F48}.Debug|Any CPU.ActiveCfg = Debug|Any CPU
		{4D96900A-1267-4AE2-ADAA-DB916BDF8F48}.Debug|Any CPU.Build.0 = Debug|Any CPU
		{4D96900A-1267-4AE2-ADAA-DB916BDF8F48}.Release|Any CPU.ActiveCfg = Release|Any CPU
		{4D96900A-1267-4AE2-ADAA-DB916BDF8F48}.Release|Any CPU.Build.0 = Release|Any CPU
		{EB5156D6-6DA2-43E7-BD8B-85FDC70BF87C}.Debug|Any CPU.ActiveCfg = Debug|Any CPU
		{EB5156D6-6DA2-43E7-BD8B-85FDC70BF87C}.Debug|Any CPU.Build.0 = Debug|Any CPU
		{EB5156D6-6DA2-43E7-BD8B-85FDC70BF87C}.Release|Any CPU.ActiveCfg = Release|Any CPU
		{EB5156D6-6DA2-43E7-BD8B-85FDC70BF87C}.Release|Any CPU.Build.0 = Release|Any CPU
	EndGlobalSection
	GlobalSection(SolutionProperties) = preSolution
		HideSolutionNode = FALSE
	EndGlobalSection
	GlobalSection(ExtensibilityGlobals) = postSolution
		SolutionGuid = {6F0ADF74-77CF-494A-B263-F2645B748669}
	EndGlobalSection
EndGlobal
